# This file is generated by running "yarn install" inside your project.
# Manual changes might be lost - proceed with caution!

__metadata:
  version: 6
  cacheKey: 8

"git-source-package@git+ssh://git@github.com:AmyFoxFN/yarn-demo-git-source-package.git#3e4df5fe94e39472033cc7d40e5a880fe0a7292b":
  version: 1.0.0
  resolution: "git-source-package@git+ssh://git@github.com:AmyFoxFN/yarn-demo-git-source-package.git#commit=3e4df5fe94e39472033cc7d40e5a880fe0a7292b"
  checksum: d4634d79b84913f871bde483d234f6c0ccb848282940b41ef1617e0b70c6577542054d7b3098cf7b0825040529998ad25c2dd4efda41e3905adecbbab4ddf3bd
  languageName: node
  linkType: hard

"yarn-demo@workspace:.":
  version: 0.0.0-use.local
  resolution: "yarn-demo@workspace:."
  dependencies:
    git-source-package: "git+ssh://git@github.com:AmyFoxFN/yarn-demo-git-source-package.git#3e4df5fe94e39472033cc7d40e5a880fe0a7292b"
  languageName: unknown
  linkType: soft
