# This file is generated by running "yarn install" inside your project.
# Manual changes might be lost - proceed with caution!

__metadata:
  version: 6
  cacheKey: 8

"git-source-package@git+ssh://git@github.com:AmyFoxFN/yarn-demo-git-source-package.git#bf9f29e1afaded282d041514f11da173f16b0691":
  version: 1.0.0
  resolution: "git-source-package@git+ssh://git@github.com:AmyFoxFN/yarn-demo-git-source-package.git#commit=bf9f29e1afaded282d041514f11da173f16b0691"
  checksum: 81cc2a6ecd98912bf9a24d76348c84cb4d46824381708e52253eb719bd0adf1fd001c02e6758d38c96647205a66642b62c90e8a3472a0c9e89c3b77e434c607a
  languageName: node
  linkType: hard

"yarn-demo@workspace:.":
  version: 0.0.0-use.local
  resolution: "yarn-demo@workspace:."
  dependencies:
    git-source-package: "git+ssh://git@github.com:AmyFoxFN/yarn-demo-git-source-package.git#bf9f29e1afaded282d041514f11da173f16b0691"
  languageName: unknown
  linkType: soft
